{
  "name": "Sales_Agent",
  "lockfileVersion": 3,
  "requires": true,
  "packages": {
    "": {
      "dependencies": {
        "posthog-js": "^1.255.1"
      }
    },
    "node_modules/core-js": {
      "version": "3.43.0",
      "resolved": "https://registry.npmjs.org/core-js/-/core-js-3.43.0.tgz",
      "integrity": "sha512-N6wEbTTZSYOY2rYAn85CuvWWkCK6QweMn7/4Nr3w+gDBeBhk/x4EJeY6FPo4QzDoJZxVTv8U7CMvgWk6pOHHqA==",
      "hasInstallScript": true,
      "funding": {
        "type": "opencollective",
        "url": "https://opencollective.com/core-js"
      }
    },
    "node_modules/fflate": {
      "version": "0.4.8",
      "resolved": "https://registry.npmjs.org/fflate/-/fflate-0.4.8.tgz",
      "integrity": "sha512-FJqqoDBR00Mdj9ppamLa/Y7vxm+PRmNWA67N846RvsoYVMKB4q3y/de5PA7gUmRMYK/8CMz2GDZQmCRN1wBcWA=="
    },
    "node_modules/posthog-js": {
      "version": "1.255.1",
      "resolved": "https://registry.npmjs.org/posthog-js/-/posthog-js-1.255.1.tgz",
      "integrity": "sha512-KMh0o9MhORhEZVjXpktXB5rJ8PfDk+poqBoTSoLzWgNjhJf6D8jcyB9jUMA6vVPfn4YeepVX5NuclDRqOwr5Mw==",
      "dependencies": {
        "core-js": "^3.38.1",
        "fflate": "^0.4.8",
        "preact": "^10.19.3",
        "web-vitals": "^4.2.4"
      },
      "peerDependencies": {
        "@rrweb/types": "2.0.0-alpha.17",
        "rrweb-snapshot": "2.0.0-alpha.17"
      },
      "peerDependenciesMeta": {
        "@rrweb/types": {
          "optional": true
        },
        "rrweb-snapshot": {
          "optional": true
        }
      }
    },
    "node_modules/preact": {
      "version": "10.26.9",
      "resolved": "https://registry.npmjs.org/preact/-/preact-10.26.9.tgz",
      "integrity": "sha512-SSjF9vcnF27mJK1XyFMNJzFd5u3pQiATFqoaDy03XuN00u4ziveVVEGt5RKJrDR8MHE/wJo9Nnad56RLzS2RMA==",
      "funding": {
        "type": "opencollective",
        "url": "https://opencollective.com/preact"
      }
    },
    "node_modules/web-vitals": {
      "version": "4.2.4",
      "resolved": "https://registry.npmjs.org/web-vitals/-/web-vitals-4.2.4.tgz",
      "integrity": "sha512-r4DIlprAGwJ7YM11VZp4R884m0Vmgr6EAKe3P+kO0PPj3Unqyvv59rczf6UiGcb9Z8QxZVcqKNwv/g0WNdWwsw=="
    }
  }
}
